lockVersion: 2.0.0
id: 1927f304-b110-462d-9e13-326cfa243f23
management:
  docChecksum: 49ddbb9ff52156d98710d5dbda57fb4c
  docVersion: v1
  speakeasyVersion: 1.722.0
  generationVersion: 2.829.1
  releaseVersion: 0.0.3
  configChecksum: 910134ba8bb293312cd2184511b5b53f
  repoURL: https://github.com/thetradedesk/ttd-data-python.git
  installationURL: https://github.com/thetradedesk/ttd-data-python.git
  published: true
persistentEdits:
  generation_id: b0671a7b-deab-4a26-a7b0-56864b2bbf04
  pristine_commit_hash: 49564dfd32d3db39ba8ebf625405329a0ae1f236
  pristine_tree_hash: d6725b92e0f99d499f0d7d0c0da950198a97475f
features:
  python:
    additionalDependencies: 1.0.0
    core: 6.0.8
    defaultEnabledRetries: 0.2.0
    devContainers: 3.0.0
    enumUnions: 0.1.0
    envVarSecurityUsage: 0.3.2
    flatRequests: 1.0.1
    flattening: 3.1.1
    globalSecurityCallbacks: 1.0.0
    globalServerURLs: 3.2.0
    methodArguments: 1.0.2
    nullables: 1.0.2
    responseFormat: 1.1.0
    retries: 3.0.4
    sdkHooks: 1.2.1
trackedFiles:
  .devcontainer/README.md:
    id: b170c0f184ac
    last_write_checksum: sha1:7ecbc698fad67cd662e4aba72f75447f1441a6cd
    pristine_git_object: 2cb6b43ea4dfebd6845e51a448a9f8d7be24c1bb
  .devcontainer/devcontainer.json:
    id: b34062a34eb1
    last_write_checksum: sha1:94309e8c8eab5ab063986bf625f513a59825e947
    pristine_git_object: 75edff51e68d2934c825764459ba3071044ce2ab
  .devcontainer/setup.sh:
    id: 5f1dfbfeb8eb
    last_write_checksum: sha1:234faaf21a8a7028346590d1eb3fac0429f4991c
    pristine_git_object: b39c28c38cf46135982ab5576b4723ea777bf510
  .gitattributes:
    id: 24139dae6567
    last_write_checksum: sha1:53134de3ada576f37c22276901e1b5b6d85cd2da
    pristine_git_object: 4d75d59008e4d8609876d263419a9dc56c8d6f3a
  .vscode/settings.json:
    id: 89aa447020cd
    last_write_checksum: sha1:f84632c81029fcdda8c3b0c768d02b836fc80526
    pristine_git_object: 8d79f0abb72526f1fb34a4c03e5bba612c6ba2ae
  USAGE.md:
    id: 3aed33ce6e6f
    last_write_checksum: sha1:abcd01a0b153defc53708b6115152bcd0dcd9445
    pristine_git_object: 85c63afd966abe16d6c49bd7d1dd14ff47bfcb95
  docs/errors/advertiserdataserverresponseerror.md:
    id: 6995891cb1b0
    last_write_checksum: sha1:efb0f825612b14c3f84ddcd57b80a6b4f76b4c41
    pristine_git_object: 8ece129ba49acf3323ce321205ca87a2a242d1c8
  docs/models/advertiserdata.md:
    id: d60a483f716a
    last_write_checksum: sha1:4a0e90dada84052107dfc8bbe893140d29988398
    pristine_git_object: 3f151d557709d70637f3fcbac6526ea502867917
  docs/models/advertiserdataitem.md:
    id: eb558e9e260a
    last_write_checksum: sha1:0b23fb046a14cf54f780fff8fba6c636a45f32cc
    pristine_git_object: b15916ec93f2f26659a8b35d5f434e20203baf4b
  docs/models/advertiserdatarequest.md:
    id: 154c375c92a3
    last_write_checksum: sha1:7cbbdefe5bcfc894231d5ed09ca39dfa6ede40a9
    pristine_git_object: 2ca9ca61c7781268f86b8f4c8e6d0c2b53613a1c
  docs/models/advertiserdataresponseerrorcode.md:
    id: 5f207b4aeb44
    last_write_checksum: sha1:7a04e5831d05ec3edbefa1a6d2643768d876469e
    pristine_git_object: 9cb56aea48f4a7e15a8cfa8ae4d53f16931f173a
  docs/models/advertiserdataserverresponse.md:
    id: ce05d8dc0150
    last_write_checksum: sha1:70f28a1166c4733ef276663b1d6c75b3c45671e2
    pristine_git_object: cb01974ce39a4bcbe04400a93f3f4c976b67c96c
  docs/models/advertiserdataserverresponseline.md:
    id: 721d3efda7ad
    last_write_checksum: sha1:3f32eb46efd2c807e145197208fb5a86feb7bc9b
    pristine_git_object: f03cabad226bdd044d0a74fd8f34e05be26a4b74
  docs/models/httpmetadata.md:
    id: 7ca0a10e4586
    last_write_checksum: sha1:09d9c91cf41e3b9e867647becda4e437f4f3e3c8
    pristine_git_object: 2c187164ad5f4bf5cc49203cbb81b64b240247a6
  docs/models/ingestadvertiserdatarequest.md:
    id: 15472ae9b9b5
    last_write_checksum: sha1:b11227c22a3fa743383ae94ecfc22830a51b003a
    pristine_git_object: 5ab86a6951e2adccb2d4c08d9857e18614440c77
  docs/models/ingestadvertiserdataresponse.md:
    id: 261c93e9e578
    last_write_checksum: sha1:9374c3748ad3fcce15c885726bbc19b187f88500
    pristine_git_object: 46cb31c391a6b1282f83cb32b07a27bf6418d191
  docs/models/utils/retryconfig.md:
    id: 4343ac43161c
    last_write_checksum: sha1:562c0f21e308ad10c27f85f75704c15592c6929d
    pristine_git_object: 69dd549ec7f5f885101d08dd502e25748183aebf
  docs/sdks/advertiser/README.md:
    id: 099f9b8a0a2d
    last_write_checksum: sha1:2776d0b8f9ba4380a8c05957c0d78c55e4c153e9
    pristine_git_object: 2d26eaed1fd4c3c39fc28066acf44e7572c0cdde
  py.typed:
    id: 258c3ed47ae4
    last_write_checksum: sha1:8efc425ffe830805ffcc0f3055871bdcdc542c60
    pristine_git_object: 3e38f1a929f7d6b1d6de74604aa87e3d8f010544
  pylintrc:
    id: 7ce8b9f946e6
    last_write_checksum: sha1:bfe32864ca64cf57f5a2ed3393ce281b9d85d539
    pristine_git_object: 42430b45b2d5dbeaebed8f5dc8eaa49a68f28b9e
  pyproject.toml:
    id: 5d07e7d72637
    last_write_checksum: sha1:235a6b262f8dab740fb8e1e4e968f0bb01167c52
    pristine_git_object: 9f232b283157e7f9b885b9d923f7a226ea81a2c5
  scripts/prepare_readme.py:
    id: e0c5957a6035
    last_write_checksum: sha1:a2b33b92e3f8fed0f4be1d661d68b6decdf9f525
    pristine_git_object: 1ab3ac1a039b07dd3a6a74d918098647090c8951
  scripts/publish.sh:
    id: fe273b08f514
    last_write_checksum: sha1:b290b25b36dca3d5eb1a2e66a2e1bcf2e7326cf3
    pristine_git_object: c35748f360329c2bc370e9b189f49b1a360b2c48
  src/ttd_data/__init__.py:
    id: 48aae23daf2a
    last_write_checksum: sha1:da077c0bdfcef64a4a5aea91a17292f72fa2b088
    pristine_git_object: 833c68cd526fe34aab2b7e7c45f974f7f4b9e120
  src/ttd_data/_hooks/__init__.py:
    id: e02546b7a6fe
    last_write_checksum: sha1:e3111289afd28ad557c21d9e2f918caabfb7037d
    pristine_git_object: 2ee66cdd592fe41731c24ddd407c8ca31c50aec1
  src/ttd_data/_hooks/sdkhooks.py:
    id: f305e5b16c4d
    last_write_checksum: sha1:6719e8772a9d569d041ab8e898b6385f376871e6
    pristine_git_object: 765a3f212bc33986f23bca22e2f83f79ca1586f7
  src/ttd_data/_hooks/types.py:
    id: 9bc3634baba5
    last_write_checksum: sha1:443998ed662ef73b770a29bdba356cd2f6fe351d
    pristine_git_object: 232e51401d91ec209d9de0c41a959ffc37c2eadb
  src/ttd_data/_version.py:
    id: 7feb4586507e
    last_write_checksum: sha1:d902159af525b1d13e88c04d7e2eb201071f04fb
    pristine_git_object: 6ff0051e6e18d84e218c2bad26dde13b521eef2c
  src/ttd_data/advertiser.py:
    id: 392ead635b4f
    last_write_checksum: sha1:ad2d8ec8cec99ca7f9aeba4b68c8abf25eed687c
    pristine_git_object: 5e9729c6c35431226863ba045993bec6b08583b3
  src/ttd_data/basesdk.py:
    id: 28e634bcfb11
    last_write_checksum: sha1:6379b35763a4c79382609752a52183eb4a821224
    pristine_git_object: 7a973ce330d13aa2b91af423395628a50ebce857
  src/ttd_data/errors/__init__.py:
    id: c4bbecf8701c
    last_write_checksum: sha1:2c044b35dea6d667aa145c6d05663f1c95ec6a23
    pristine_git_object: ac48b04926e27cf1b9468a0aeb3dfc44ff618601
  src/ttd_data/errors/advertiserdataserverresponse_error.py:
    id: b132387f8548
    last_write_checksum: sha1:cd1fe10ccc00302084be86d5483cdd326e6248cf
    pristine_git_object: f51f0f7ecc591a1f76236709687a22f56040aa83
  src/ttd_data/errors/apierror.py:
    id: 87e982b3d2ab
    last_write_checksum: sha1:78ee0158633fa7d87b35957fbaaead9591754321
    pristine_git_object: 629236152c11f5dda79d0929e996bc25a90e5d92
  src/ttd_data/errors/dataerror.py:
    id: 70b3a16b9fdb
    last_write_checksum: sha1:6c4f77b5f05c174666a1ea4de0e82d5f90595e43
    pristine_git_object: fe4205a06ee5b68f1b99b94e7e75e89bad13b8d9
  src/ttd_data/errors/no_response_error.py:
    id: ffd7339470a1
    last_write_checksum: sha1:7f326424a7d5ae1bcd5c89a0d6b3dbda9138942f
    pristine_git_object: 1deab64bc43e1e65bf3c412d326a4032ce342366
  src/ttd_data/errors/responsevalidationerror.py:
    id: 59b6bad43c86
    last_write_checksum: sha1:cfc97a6b3c70529440909450f90f0cc877befc59
    pristine_git_object: 1e74559f5dd16a8a5599cedf75f886f3eb949857
  src/ttd_data/httpclient.py:
    id: 2be94ea9b30f
    last_write_checksum: sha1:5e55338d6ee9f01ab648cad4380201a8a3da7dd7
    pristine_git_object: 89560b566073785535643e694c112bedbd3db13d
  src/ttd_data/models/__init__.py:
    id: 9cb05e16fec0
    last_write_checksum: sha1:070f438b8a3b97a3b7b146dc1c2271ad028c56fa
    pristine_git_object: daca7259bc199154c8c88df00f617fbad24808d9
  src/ttd_data/models/advertiserdata.py:
    id: 3cb2f224c3a1
    last_write_checksum: sha1:ac3469feffba0c3733c6fe31dc7bdc4c6163bbe6
    pristine_git_object: 198f2d060eb9fa2ad10b2e3d6854858ad9c43bbc
  src/ttd_data/models/advertiserdataitem.py:
    id: 5b824803bf02
    last_write_checksum: sha1:7d24ea344578f7c7598f7314ab35e549c775bb3f
    pristine_git_object: 957e2159fc7f8205a61fb2c8c2478df9bec19371
  src/ttd_data/models/advertiserdatarequest.py:
    id: 11df7e9988cc
    last_write_checksum: sha1:c66a0f50c9e152650aa90f84f2079f2473f860b6
    pristine_git_object: 51c17f138ba7b1547b8435a587d21df2fc4ad4f5
  src/ttd_data/models/advertiserdataresponseerrorcode.py:
    id: ffcc1a785853
    last_write_checksum: sha1:9c90f6573dbd76bb36e9cf8e0d37ab3586b2e81d
    pristine_git_object: 41ebd67b3354e608bd6e85da991d5d67a1672c76
  src/ttd_data/models/advertiserdataserverresponse.py:
    id: 532b8698bc5e
    last_write_checksum: sha1:e228f0fb781115bf12cb4be9b8ef9065182244a8
    pristine_git_object: c7f54f1e6bac03a494743b04e783a2517cc7103d
  src/ttd_data/models/advertiserdataserverresponseline.py:
    id: d86dcc352741
    last_write_checksum: sha1:289afb8635a1acc6c9698203b7aa9bc3f95ec408
    pristine_git_object: 6c3f0e165cad09145f7677cec52d5884e9316674
  src/ttd_data/models/httpmetadata.py:
    id: 2b8260801700
    last_write_checksum: sha1:75dd9dfb6895082b8d81332c7f94f2ec09bb08ac
    pristine_git_object: 3bc847d3447ce9128e2e80e42b6d125234910905
  src/ttd_data/models/ingestadvertiserdataop.py:
    id: 536d8288fda4
    last_write_checksum: sha1:996e0bd51122d2b7b480110a1b8addfdc16fcde2
    pristine_git_object: 750471d31ab4b36c48af489061936773e2d25a79
  src/ttd_data/py.typed:
    id: 6369ae030577
    last_write_checksum: sha1:8efc425ffe830805ffcc0f3055871bdcdc542c60
    pristine_git_object: 3e38f1a929f7d6b1d6de74604aa87e3d8f010544
  src/ttd_data/sdk.py:
    id: 1472df75b98c
    last_write_checksum: sha1:f99423675b4f7e9176a2bac82bbb2b2c3868c72a
    pristine_git_object: 1bdda828389026905a477db17cb291d92a831575
  src/ttd_data/sdkconfiguration.py:
    id: 6c07cde690cd
    last_write_checksum: sha1:118c5c1ae8b2a3dfb7f01363fdfa55825dcc870a
    pristine_git_object: 292ec30b62ace095d2619933ee8c41f7fbb70159
  src/ttd_data/types/__init__.py:
    id: 219a89572292
    last_write_checksum: sha1:140ebdd01a46f92ffc710c52c958c4eba3cf68ed
    pristine_git_object: fc76fe0c5505e29859b5d2bb707d48fd27661b8c
  src/ttd_data/types/basemodel.py:
    id: 00b5490305bc
    last_write_checksum: sha1:10d84aedeb9d35edfdadf2c3020caa1d24d8b584
    pristine_git_object: a9a640a1a7048736383f96c67c6290c86bf536ee
  src/ttd_data/utils/__init__.py:
    id: 6b87bf7e78f2
    last_write_checksum: sha1:524d7c0b4c84871908fb74cefa00f7ec0e920397
    pristine_git_object: 4ce02ab68b61b09f819c5c8b523218fa64171021
  src/ttd_data/utils/annotations.py:
    id: d1b7b6530770
    last_write_checksum: sha1:a4824ad65f730303e4e1e3ec1febf87b4eb46dbc
    pristine_git_object: 12e0aa4f1151bb52474cc02e88397329b90703f6
  src/ttd_data/utils/datetimes.py:
    id: 2d794a4852dd
    last_write_checksum: sha1:c721e4123000e7dc61ec52b28a739439d9e17341
    pristine_git_object: a6c52cd61bbe2d459046c940ce5e8c469f2f0664
  src/ttd_data/utils/dynamic_imports.py:
    id: b07f05d40ca2
    last_write_checksum: sha1:a1940c63feb8eddfd8026de53384baf5056d5dcc
    pristine_git_object: 673edf82a97d0fea7295625d3e092ea369a36b79
  src/ttd_data/utils/enums.py:
    id: 04558d0f1a2b
    last_write_checksum: sha1:bc8c3c1285ae09ba8a094ee5c3d9c7f41fa1284d
    pristine_git_object: 3324e1bc2668c54c4d5f5a1a845675319757a828
  src/ttd_data/utils/eventstreaming.py:
    id: 88cef70df5ca
    last_write_checksum: sha1:ffa870a25a7e4e2015bfd7a467ccd3aa1de97f0e
    pristine_git_object: f2052fc22d9fd6c663ba3dce019fe234ca37108b
  src/ttd_data/utils/forms.py:
    id: 3b8d93e597bb
    last_write_checksum: sha1:0ca31459b99f761fcc6d0557a0a38daac4ad50f4
    pristine_git_object: 1e550bd5c2c35d977ddc10f49d77c23cb12c158d
  src/ttd_data/utils/headers.py:
    id: 4681366f5995
    last_write_checksum: sha1:7c6df233ee006332b566a8afa9ce9a245941d935
    pristine_git_object: 37864cbbbc40d1a47112bbfdd3ba79568fc8818a
  src/ttd_data/utils/logger.py:
    id: 4590b38a2392
    last_write_checksum: sha1:bc563e73eb73d03eb65dc1fd9def84717e30a8d1
    pristine_git_object: 9664bc076cfd67c82f6b5169787458c5e462d57d
  src/ttd_data/utils/metadata.py:
    id: 4fc5598faf89
    last_write_checksum: sha1:c6a560bd0c63ab158582f34dadb69433ea73b3d4
    pristine_git_object: 173b3e5ce658675c2f504222a56b3daaaa68107d
  src/ttd_data/utils/queryparams.py:
    id: 8325e172a666
    last_write_checksum: sha1:b94c3f314fd3da0d1d215afc2731f48748e2aa59
    pristine_git_object: c04e0db82b68eca041f2cb2614d748fbac80fd41
  src/ttd_data/utils/requestbodies.py:
    id: 0924f0dfaef1
    last_write_checksum: sha1:41e2d2d2d3ecc394c8122ca4d4b85e1c3e03f054
    pristine_git_object: 1de32b6d26f46590232f398fdba6ce0072f1659c
  src/ttd_data/utils/retries.py:
    id: 04accebbe68a
    last_write_checksum: sha1:471372f5c5d1dd5583239c9cf3c75f1b636e5d87
    pristine_git_object: af07d4e941007af4213c5ec9047ef8a2fca04e5e
  src/ttd_data/utils/security.py:
    id: e38af000ccc5
    last_write_checksum: sha1:435dd8b180cefcd733e635b9fa45512da091d9c0
    pristine_git_object: 17996bd54b8624009802fbbdf30bcb4225b8dfed
  src/ttd_data/utils/serializers.py:
    id: 625de2eedcad
    last_write_checksum: sha1:ce1d8d7f500a9ccba0aeca5057cee9c271f4dfd7
    pristine_git_object: 14321eb479de81d0d9580ec8291e0ff91bf29e57
  src/ttd_data/utils/unmarshal_json_response.py:
    id: 2f612fb73d96
    last_write_checksum: sha1:599d9379b87a48c14dc7d672a2d0261dee5b7204
    pristine_git_object: 8b476a9566b3ccbdc33c286aa7fdeac8074c46d5
  src/ttd_data/utils/url.py:
    id: 31e17c41ed73
    last_write_checksum: sha1:6479961baa90432ca25626f8e40a7bbc32e73b41
    pristine_git_object: c78ccbae426ce6d385709d97ce0b1c2813ea2418
  src/ttd_data/utils/values.py:
    id: 45979a7770a1
    last_write_checksum: sha1:acaa178a7c41ddd000f58cc691e4632d925b2553
    pristine_git_object: dae01a44384ac3bc13ae07453a053bf6c898ebe3
examples:
  IngestAdvertiserData:
    speakeasy-default-ingest-advertiser-data:
      requestBody:
        application/json: {"advertiserId": "<id>"}
      responses:
        "200":
          application/json: {}
        "400":
          application/json: {}
examplesVersion: 1.0.2
generatedTests: {}
