lockVersion: 2.0.0
id: 1927f304-b110-462d-9e13-326cfa243f23
management:
  docChecksum: fb006fd06e67532d16416cec0e274569
  docVersion: v0.1
  speakeasyVersion: 1.761.4
  generationVersion: 2.879.13
  releaseVersion: 0.1.6
  configChecksum: 9dfba09a4dc593249773edf3c6965f56
  repoURL: https://github.com/thetradedesk/ttd-data-python.git
  installationURL: https://github.com/thetradedesk/ttd-data-python.git
  published: true
persistentEdits:
  generation_id: 25aa079a-b311-4f77-a857-1870814aa5ac
  pristine_commit_hash: c4b2812f9d1433f1a97947389b52d38b72d76dc7
  pristine_tree_hash: 4bdd2185038b09ed1ffadd2ce8a0fbc5fa8e1e15
features:
  python:
    additionalDependencies: 1.0.0
    constsAndDefaults: 1.0.7
    core: 6.0.21
    defaultEnabledRetries: 0.2.0
    devContainers: 3.0.0
    enumUnions: 0.1.1
    envVarSecurityUsage: 0.3.2
    flatRequests: 1.0.1
    flattening: 3.1.1
    globalSecurityCallbacks: 1.0.0
    globalServerURLs: 3.2.1
    methodArguments: 1.0.2
    methodServerURLs: 3.1.2
    nullables: 1.0.2
    responseFormat: 1.1.0
    retries: 3.0.4
    sdkHooks: 1.2.1
trackedFiles:
  .devcontainer/README.md:
    id: b170c0f184ac
    last_write_checksum: sha1:7ecbc698fad67cd662e4aba72f75447f1441a6cd
    pristine_git_object: 2cb6b43ea4dfebd6845e51a448a9f8d7be24c1bb
  .devcontainer/devcontainer.json:
    id: b34062a34eb1
    last_write_checksum: sha1:94309e8c8eab5ab063986bf625f513a59825e947
    pristine_git_object: 75edff51e68d2934c825764459ba3071044ce2ab
  .devcontainer/setup.sh:
    id: 5f1dfbfeb8eb
    last_write_checksum: sha1:234faaf21a8a7028346590d1eb3fac0429f4991c
    pristine_git_object: b39c28c38cf46135982ab5576b4723ea777bf510
  .gitattributes:
    id: 24139dae6567
    last_write_checksum: sha1:53134de3ada576f37c22276901e1b5b6d85cd2da
    pristine_git_object: 4d75d59008e4d8609876d263419a9dc56c8d6f3a
  .vscode/settings.json:
    id: 89aa447020cd
    last_write_checksum: sha1:f84632c81029fcdda8c3b0c768d02b836fc80526
    pristine_git_object: 8d79f0abb72526f1fb34a4c03e5bba612c6ba2ae
  USAGE.md:
    id: 3aed33ce6e6f
    last_write_checksum: sha1:3ac00d07d7d970aeb34833ccbe2b818e56bd138d
    pristine_git_object: b008f38be01b2124098266c1125ab26d8e4497d9
  docs/errors/advertiserdataserverresponseerror.md:
    id: 6995891cb1b0
    last_write_checksum: sha1:efb0f825612b14c3f84ddcd57b80a6b4f76b4c41
    pristine_git_object: 8ece129ba49acf3323ce321205ca87a2a242d1c8
  docs/errors/advertiserdsrresponseerror.md:
    id: bce7638b7916
    last_write_checksum: sha1:5d245f6d4bb2fc41ab53aaf19b07ccb12db2de17
    pristine_git_object: 2c766c1625c968a25f27761984ae6a62d55422b7
  docs/errors/merchantdsrresponseerror.md:
    id: 536ab9728b12
    last_write_checksum: sha1:840ec62530d29429e7141afb6c72155af0c6c79c
    pristine_git_object: 84b0003d276041176a745287e7fd890ce87b9e4a
  docs/errors/offlineconversiondataserverresponseerror.md:
    id: 5677bde89a1b
    last_write_checksum: sha1:f9f65a553cc90f33a3618a3a0117a3b33f6ec9d8
    pristine_git_object: 82403798e5a58e2e2e441dc8a71cd9b5a6cfe9e7
  docs/errors/thirdpartydataserverresponseerror.md:
    id: ad67a993980a
    last_write_checksum: sha1:2be9a1ec1217d82b6683118327ef9a220708199c
    pristine_git_object: 2c84ba3e8810b66c0d92e4c8363c36312c68bfcc
  docs/errors/thirdpartydsrresponseerror.md:
    id: 4a349f3a5dc8
    last_write_checksum: sha1:43a80e53fd4cb0b82cbc415236de8b66ce4b8f3d
    pristine_git_object: 462bc1128f12502315fffc30f316eaab9fa73d5c
  docs/models/advertiserdata.md:
    id: d60a483f716a
    last_write_checksum: sha1:e6fc5df5e3a60f048afc267262bf29da7019d038
    pristine_git_object: be2fbb0dbd6cfbc83938a3280cdef129d78d0acc
  docs/models/advertiserdataitem.md:
    id: eb558e9e260a
    last_write_checksum: sha1:88a1e07c88f15f280d60eda18da65bcc09b8542a
    pristine_git_object: f6ed68644c0519bf8e03efb77f809d8c9afffa26
  docs/models/advertiserdatarequest.md:
    id: 154c375c92a3
    last_write_checksum: sha1:7793311f1f86023d0406d8cded9154d99ec6815e
    pristine_git_object: 4de3a3731f46757f098e4430812ae504cbfa22c8
  docs/models/advertiserdataresponseerrorcode.md:
    id: 5f207b4aeb44
    last_write_checksum: sha1:c6286cd1b3dc8ef6280ab3f1443db5ea5e8b9a15
    pristine_git_object: 401bde639630562e4bfd9696cc4d1621794b61f5
  docs/models/advertiserdataserverresponse.md:
    id: ce05d8dc0150
    last_write_checksum: sha1:70f28a1166c4733ef276663b1d6c75b3c45671e2
    pristine_git_object: cb01974ce39a4bcbe04400a93f3f4c976b67c96c
  docs/models/advertiserdataserverresponseline.md:
    id: 721d3efda7ad
    last_write_checksum: sha1:d7ef28c7b44faa60927e7218682d3120a2c25f49
    pristine_git_object: ad7cca700e16fbab25409985c9cd71736ebb9f0f
  docs/models/advertiserdsrfailedline.md:
    id: 466acafd9dc5
    last_write_checksum: sha1:a83b52fc651fd21ccebf70ed18307a276cb0efe5
    pristine_git_object: 3787f86195647102a57ab3b7dc0395b10a07bd19
  docs/models/advertiserdsrrequest.md:
    id: cc9b99b40db7
    last_write_checksum: sha1:0cebd2dc1565db6b8c5742c4e8baf0d9db45cba8
    pristine_git_object: 8d7c5492f65b7cf6578ba8e816557f2a266c2f17
  docs/models/advertiserdsrresponse.md:
    id: 3a4985474ff0
    last_write_checksum: sha1:532cc8a4549e15f7f86cb291945d589a73a737a3
    pristine_git_object: 3b1d22daa091ac98e81dcebc9ce395c927a30462
  docs/models/dataorigin.md:
    id: 1d98f1297ba8
    last_write_checksum: sha1:4c6d538b85d82101a460bf10664af23f61453d83
    pristine_git_object: e6466146112f5ec506a35e5e5dfbf4335069191e
  docs/models/dataorigintype.md:
    id: 20171ab0469f
    last_write_checksum: sha1:62ecf13a13b503843150eb154a4ce739634bcd26
    pristine_git_object: 8543fa7df3c60bc68b62eb6046bcbb212d2fd9e6
  docs/models/datasubjectrequestadvertiserdatarequest.md:
    id: 4de4f4eda511
    last_write_checksum: sha1:2f7f2c9ef69eda156ec9d23b36add8e7a9c69a14
    pristine_git_object: 0d3c53388408f112dd8bd8a20a7a25ce0e13e5d7
  docs/models/datasubjectrequestadvertiserdataresponse.md:
    id: 7c0cf1986700
    last_write_checksum: sha1:be8980a597789a5443bb045faaeb1d749ef17295
    pristine_git_object: e8aeb6c04f7a5ee31266e05d60f67c9c8b3a2906
  docs/models/datasubjectrequestmerchantdatarequest.md:
    id: d9cc79798cca
    last_write_checksum: sha1:57cdb6f5fc6d50f73f3d099d9ff5df08d329029d
    pristine_git_object: 163dca6213b1bbc396a5504efb3d948096eccc6e
  docs/models/datasubjectrequestmerchantdataresponse.md:
    id: 7a220acd6db8
    last_write_checksum: sha1:173c1b58701c6ac9f1481597e1317c7a2c76059d
    pristine_git_object: ae6f7e99e78f800628010b44619711d39c592d9b
  docs/models/datasubjectrequestthirdpartydatarequest.md:
    id: 87f5b015b4bd
    last_write_checksum: sha1:1a499478ac891bf79c74e4145d1513003307a486
    pristine_git_object: bb6275848c95c76163423f98378954695b013c1e
  docs/models/datasubjectrequestthirdpartydataresponse.md:
    id: 6e4255df7a2c
    last_write_checksum: sha1:8b7257a961de785c35f491c0d9bd90dfba6d59d5
    pristine_git_object: 1db922c056ead9349b76f4940d0edd69a34e98c1
  docs/models/dsrerrorcode.md:
    id: 17e3fe030bf7
    last_write_checksum: sha1:c462b2c48efee50eaf755a81d503e71cc80affd2
    pristine_git_object: a2fde43e6dcce426b4ebc595043657ef37716490
  docs/models/httpmetadata.md:
    id: 7ca0a10e4586
    last_write_checksum: sha1:09d9c91cf41e3b9e867647becda4e437f4f3e3c8
    pristine_git_object: 2c187164ad5f4bf5cc49203cbb81b64b240247a6
  docs/models/ingestadvertiserdatarequest.md:
    id: 15472ae9b9b5
    last_write_checksum: sha1:9f6afab4002d0ea4d07b170111ff50eac0423073
    pristine_git_object: b9c4e5efb1ca6ca8ec162f31b8492a020ca8966f
  docs/models/ingestadvertiserdataresponse.md:
    id: 261c93e9e578
    last_write_checksum: sha1:9374c3748ad3fcce15c885726bbc19b187f88500
    pristine_git_object: 46cb31c391a6b1282f83cb32b07a27bf6418d191
  docs/models/ingestofflineconversiondatarequest.md:
    id: 917f4d932b09
    last_write_checksum: sha1:193a40a2095d3d07e68c56cd1dffd12b051ff23b
    pristine_git_object: 7422be43cd6de4b6942211ef6096bca51a2faa33
  docs/models/ingestofflineconversiondataresponse.md:
    id: 15c02deff4c3
    last_write_checksum: sha1:634f41e94cef24c4cf674f2b11d2d4b851d7b38a
    pristine_git_object: 81f4b05cd4101470ba5e8a52b221a7ff6f35b5cd
  docs/models/ingestthirdpartydatarequest.md:
    id: b13c9ff57f29
    last_write_checksum: sha1:aea598809eab0797356d6cfc8fb9340c19fcf088
    pristine_git_object: 456450276d9059744e0f19ff7219e603e81d868e
  docs/models/ingestthirdpartydataresponse.md:
    id: 81c1f3df91e7
    last_write_checksum: sha1:d336736a79fcf5e4d352cfc1ce553b759b9afbfd
    pristine_git_object: 24dbd818140ef377e232d000f065a8ff2b2af15f
  docs/models/merchantdsrfailedline.md:
    id: 351a88f2bfe5
    last_write_checksum: sha1:7cf02d2e713aa42b0b23e0e3e41f7f3ac52ea755
    pristine_git_object: 87831454d04711fe80251c056ff0fad3613f43a4
  docs/models/merchantdsrrequest.md:
    id: 58eb9bbd97d8
    last_write_checksum: sha1:e88f98943136e4aa0c428b1e21f0eb6137d50be9
    pristine_git_object: 36386b6cf6e595fd9f7dce4e4cfc21932a7e2390
  docs/models/merchantdsrresponse.md:
    id: 0c655a98f8a8
    last_write_checksum: sha1:96db869276b2e953fb2d87b2acf97a4134d383f0
    pristine_git_object: 966094a9aceaf72e702ba375fcc0d2a6d49bbca8
  docs/models/offlineconversiondataitem.md:
    id: fe82dd27a28c
    last_write_checksum: sha1:d63aa0e9535337a0bf754d8b6ea501ffbb3e19b3
    pristine_git_object: dce79520e7faab92fbacfe947abf683805c1e4e7
  docs/models/offlineconversiondatarequest.md:
    id: df028750a55e
    last_write_checksum: sha1:cea5ba0e097890514574cf2c63611b400efdcffe
    pristine_git_object: 0a20f8fd35bd46a30c72d3369722ccf494ef1064
  docs/models/offlineconversiondataresponseerrorcode.md:
    id: 98d40405a074
    last_write_checksum: sha1:9f20eb8f388efb02e4c7c48bbe6d690b008f5d68
    pristine_git_object: 166be8fccb4554f76b0f705c289789378ab34287
  docs/models/offlineconversiondataserverresponse.md:
    id: b2ab5a9b678a
    last_write_checksum: sha1:56002b18adfa9a584a5de34be15d86efcc16eac1
    pristine_git_object: 97d79ae6061aa9e0562f27cae8611761d32d5f8f
  docs/models/offlineconversiondataserverresponseline.md:
    id: 55416806a184
    last_write_checksum: sha1:6d32ab05e638ae8a6af32ea30477cc672751c7c6
    pristine_git_object: dcec856d3c04a6e515eedc3fac823c6f4e86dadd
  docs/models/partnerdsrdataitem.md:
    id: aec5a66af0f5
    last_write_checksum: sha1:271a8664c9bbb8779f8a3956b9c7fd01137cb160
    pristine_git_object: 8018d0a5a178c09967914b760f193112e89ec20a
  docs/models/partnerdsrrequesttype.md:
    id: b3c618fce057
    last_write_checksum: sha1:e5197df6bec2d0525617c973975aa464ed4d9470
    pristine_git_object: 94df73f7d80e5d556e199c9a1b801dcaacf9d394
  docs/models/realtimeconversioneventlineitem.md:
    id: 587e124fe14e
    last_write_checksum: sha1:b5e29eba6b1b945087123095512f24e5fa9eb738
    pristine_git_object: a03e3de928b1ad26d46e4d6f0ccdad11bbdf3396
  docs/models/realtimeconversioneventsprivacysetting.md:
    id: a71bb618c6dc
    last_write_checksum: sha1:b12b57e54211ce94278749a8fdd211dec8363dc3
    pristine_git_object: f1e158e01c2b50bf8380b0bce2b42382a39149c4
  docs/models/thirdpartydata.md:
    id: bc4204726f1d
    last_write_checksum: sha1:0f89c863c85f83105c6f81d8e4e3ac7606b90aa3
    pristine_git_object: 3f39a30828259d5dfc63ac086e35fd408702c69c
  docs/models/thirdpartydataitem.md:
    id: 2f10d185f4c2
    last_write_checksum: sha1:9c34e5754f5a6005c839e303cb290f3c9bc06d8a
    pristine_git_object: 516c15c35cc2feed06ca4fa22589093b50820699
  docs/models/thirdpartydatarequest.md:
    id: dfbab370baa7
    last_write_checksum: sha1:5dc172178a879bbd4669818657f8a1b6b1e33ab0
    pristine_git_object: 0a23821c7a3f8f0c5bece4ebd95008c5b19bd65a
  docs/models/thirdpartydataresponseerrorcode.md:
    id: a686bd16bff1
    last_write_checksum: sha1:7e3a32cef065489c78978734ed2f7fdc8ada2721
    pristine_git_object: d908ee2a7b42b303fa715d0dc6d6090e71ad345f
  docs/models/thirdpartydataserverresponse.md:
    id: 362b00f78795
    last_write_checksum: sha1:1440730203a0d14798235445ac31088f93e7e79d
    pristine_git_object: d5e84e66c247e07612f5afc72d6a15196abb8d6a
  docs/models/thirdpartydataserverresponseline.md:
    id: 4e10c467659e
    last_write_checksum: sha1:d29c9458c6a8db940b37d5f4b38d66570d7e92d1
    pristine_git_object: d08bf1264a5e5630ab7d0ffa5262f61d564af366
  docs/models/thirdpartydsrfailedline.md:
    id: 1ea8dfdefda3
    last_write_checksum: sha1:f7e01e731d37b8d6747ce48bae8c8d18e333be76
    pristine_git_object: fa0e3e10f39730538d20b3f3345ddfd114e90fa5
  docs/models/thirdpartydsrrequest.md:
    id: 922d0673f906
    last_write_checksum: sha1:af20f751f256981834560a571f48723b9b9ccab9
    pristine_git_object: 2589e5f2a8812c4dc8bf302d312de8c278bf9ff5
  docs/models/thirdpartydsrresponse.md:
    id: 6eb8ed3d0472
    last_write_checksum: sha1:fd1ca29bd7c899001a40eaad74f625970c3f7c07
    pristine_git_object: 2a9b07312f9dd470f93a3b9de0bfe5a9254f482b
  docs/models/utils/retryconfig.md:
    id: 4343ac43161c
    last_write_checksum: sha1:562c0f21e308ad10c27f85f75704c15592c6929d
    pristine_git_object: 69dd549ec7f5f885101d08dd502e25748183aebf
  docs/sdks/advertiser/README.md:
    id: 099f9b8a0a2d
    last_write_checksum: sha1:e5fbf63819e2c06e47fd561fb5fc44fdb8f02b63
    pristine_git_object: 2c91855c23f7241f968d9d7667720ec997b7ab95
  docs/sdks/deletionoptout/README.md:
    id: 61acd35826cb
    last_write_checksum: sha1:a36d441d1dcd3c9af546afb711db4380028c56ad
    pristine_git_object: aa104aa6181dcf4f28ccb96d0aca726aa51d1b8d
  docs/sdks/offlineconversion/README.md:
    id: 3b6eaeea93ac
    last_write_checksum: sha1:730838d08e6ee7b886553aae64eadc82dab77181
    pristine_git_object: d248492461ccef96e4f457c8fdc521a9e63d15a1
  docs/sdks/thirdparty/README.md:
    id: 2ea7384a00fc
    last_write_checksum: sha1:70fa920bcfa24f1abf8ab945e04bbe5052523513
    pristine_git_object: 7bfccddc7beddc2a09d52e6fc5004b0dd2e853da
  py.typed:
    id: 258c3ed47ae4
    last_write_checksum: sha1:8efc425ffe830805ffcc0f3055871bdcdc542c60
    pristine_git_object: 3e38f1a929f7d6b1d6de74604aa87e3d8f010544
  pylintrc:
    id: 7ce8b9f946e6
    last_write_checksum: sha1:b08ef8689f6474e400ebbe9c8baf7d7b9fae3a73
    pristine_git_object: f456032107a9387ba6c98afd1c981df2f4b3d636
  pyproject.toml:
    id: 5d07e7d72637
    last_write_checksum: sha1:2a5156efd2265ab93a7d255bac8467ecfbe42af7
    pristine_git_object: 3c51f691eb392d49d5542f9f5cf061b21134c25a
  scripts/prepare_readme.py:
    id: e0c5957a6035
    last_write_checksum: sha1:a2b33b92e3f8fed0f4be1d661d68b6decdf9f525
    pristine_git_object: 1ab3ac1a039b07dd3a6a74d918098647090c8951
  scripts/publish.sh:
    id: fe273b08f514
    last_write_checksum: sha1:b290b25b36dca3d5eb1a2e66a2e1bcf2e7326cf3
    pristine_git_object: c35748f360329c2bc370e9b189f49b1a360b2c48
  src/ttd_data/__init__.py:
    id: 48aae23daf2a
    last_write_checksum: sha1:da077c0bdfcef64a4a5aea91a17292f72fa2b088
    pristine_git_object: 833c68cd526fe34aab2b7e7c45f974f7f4b9e120
  src/ttd_data/_hooks/__init__.py:
    id: e02546b7a6fe
    last_write_checksum: sha1:e3111289afd28ad557c21d9e2f918caabfb7037d
    pristine_git_object: 2ee66cdd592fe41731c24ddd407c8ca31c50aec1
  src/ttd_data/_hooks/sdkhooks.py:
    id: f305e5b16c4d
    last_write_checksum: sha1:6719e8772a9d569d041ab8e898b6385f376871e6
    pristine_git_object: 765a3f212bc33986f23bca22e2f83f79ca1586f7
  src/ttd_data/_hooks/types.py:
    id: 9bc3634baba5
    last_write_checksum: sha1:443998ed662ef73b770a29bdba356cd2f6fe351d
    pristine_git_object: 232e51401d91ec209d9de0c41a959ffc37c2eadb
  src/ttd_data/_version.py:
    id: 7feb4586507e
    last_write_checksum: sha1:cd04be5ea4984e255a28497ddf95104db029507f
    pristine_git_object: 4eed34b720dadb5d716da268fc84daa8657d6e00
  src/ttd_data/advertiser.py:
    id: 392ead635b4f
    last_write_checksum: sha1:36d9b5902e62972e93e01502546c9b3b95fe6015
    pristine_git_object: d0cfd507c00fad54640b6033fdf4757101e85d10
  src/ttd_data/basesdk.py:
    id: 28e634bcfb11
    last_write_checksum: sha1:008cbd9d2a436d49f143302d5500588c440ccea6
    pristine_git_object: 1b6ea88b9925df9c48461b7270dbc2364698d069
  src/ttd_data/deletionoptout.py:
    id: 8da72b51c89e
    last_write_checksum: sha1:c415f213bd99412162e2e03e6e074ad0d9236b11
    pristine_git_object: f21fb99a74704dd52e9de6e77938b0b318e6ee42
  src/ttd_data/errors/__init__.py:
    id: c4bbecf8701c
    last_write_checksum: sha1:d9d162398e0fbe29af5f0d7025397e961926a175
    pristine_git_object: 92226d72ca16adc0d2d05f163e79d8daa1f15d8e
  src/ttd_data/errors/advertiserdataserverresponse_error.py:
    id: b132387f8548
    last_write_checksum: sha1:cd6dcf78075f3b9c9a10632e6d20b70de86ed34e
    pristine_git_object: aef86c47dff4137fb23aa0fccac27662a84ccc48
  src/ttd_data/errors/advertiserdsrresponse_error.py:
    id: 72d43ab98596
    last_write_checksum: sha1:dc98275fca9fee199b323f3cedff908204e38912
    pristine_git_object: 2072b2cd50a41587790e0ddbf88e772db56ed8e5
  src/ttd_data/errors/apierror.py:
    id: 87e982b3d2ab
    last_write_checksum: sha1:78ee0158633fa7d87b35957fbaaead9591754321
    pristine_git_object: 629236152c11f5dda79d0929e996bc25a90e5d92
  src/ttd_data/errors/dataerror.py:
    id: 70b3a16b9fdb
    last_write_checksum: sha1:6c4f77b5f05c174666a1ea4de0e82d5f90595e43
    pristine_git_object: fe4205a06ee5b68f1b99b94e7e75e89bad13b8d9
  src/ttd_data/errors/merchantdsrresponse_error.py:
    id: a6d87247a795
    last_write_checksum: sha1:9c6abd3375080e7517a1ff14260bbcfa7e29c017
    pristine_git_object: d0e2f525a2e174bdb3be2c7d1d103cdc68e2e315
  src/ttd_data/errors/no_response_error.py:
    id: ffd7339470a1
    last_write_checksum: sha1:7f326424a7d5ae1bcd5c89a0d6b3dbda9138942f
    pristine_git_object: 1deab64bc43e1e65bf3c412d326a4032ce342366
  src/ttd_data/errors/offlineconversiondataserverresponse_error.py:
    id: 38d3f6702808
    last_write_checksum: sha1:233a4009c5a9a6a0c36370db22f6858235432648
    pristine_git_object: d90c7f8d5065854745c4063bdc4ca44f2db7791e
  src/ttd_data/errors/responsevalidationerror.py:
    id: 59b6bad43c86
    last_write_checksum: sha1:cfc97a6b3c70529440909450f90f0cc877befc59
    pristine_git_object: 1e74559f5dd16a8a5599cedf75f886f3eb949857
  src/ttd_data/errors/thirdpartydataserverresponse_error.py:
    id: 64da9f8c2a4b
    last_write_checksum: sha1:84aa973252bd12a1f0a47c89ea787c96203570ae
    pristine_git_object: 8566b78c4b508d12026af0a643c0c7c250a2b267
  src/ttd_data/errors/thirdpartydsrresponse_error.py:
    id: 3bcd84adf118
    last_write_checksum: sha1:f6bdb6d26c16afc0219dab92bdfbc58396f3cea7
    pristine_git_object: 665bfdf28706d8ec6ffa69e91a02805e8285fa12
  src/ttd_data/httpclient.py:
    id: 2be94ea9b30f
    last_write_checksum: sha1:5e55338d6ee9f01ab648cad4380201a8a3da7dd7
    pristine_git_object: 89560b566073785535643e694c112bedbd3db13d
  src/ttd_data/models/__init__.py:
    id: 9cb05e16fec0
    last_write_checksum: sha1:e7d00befdb3b975674a1466f0988bc58895a401d
    pristine_git_object: 0d27a04b95f906b6ba07a9c38b7159bafc91c290
  src/ttd_data/models/advertiserdata.py:
    id: 3cb2f224c3a1
    last_write_checksum: sha1:f23c52fe321da112f960560940abed6bbbe72247
    pristine_git_object: 015bd79ce278e94d59163fe1d029f0f18c5dfcea
  src/ttd_data/models/advertiserdataitem.py:
    id: 5b824803bf02
    last_write_checksum: sha1:f7bbd7a64e8b978d434fed970e035555037b1d7e
    pristine_git_object: c94cd969ed4c5563ec94ce32059b4e50bf9d1402
  src/ttd_data/models/advertiserdatarequest.py:
    id: 11df7e9988cc
    last_write_checksum: sha1:98ebb58a2a99c7cbaaa47d63d6a59f0d33d96730
    pristine_git_object: f3658eba0456205aeb69978f1324ccbbdb7887d8
  src/ttd_data/models/advertiserdataresponseerrorcode.py:
    id: ffcc1a785853
    last_write_checksum: sha1:9c90f6573dbd76bb36e9cf8e0d37ab3586b2e81d
    pristine_git_object: 41ebd67b3354e608bd6e85da991d5d67a1672c76
  src/ttd_data/models/advertiserdataserverresponse.py:
    id: 532b8698bc5e
    last_write_checksum: sha1:f4154c056b3c28b47793129860233dd74d916e4f
    pristine_git_object: 46c26ea76fd4dce4ea94cac6a0305c82ae8218a4
  src/ttd_data/models/advertiserdataserverresponseline.py:
    id: d86dcc352741
    last_write_checksum: sha1:a5218e68993192ba7fe1595972810c150c70e558
    pristine_git_object: 7506d80620e698a7bd5631de05a65f9d577cbaeb
  src/ttd_data/models/advertiserdsrfailedline.py:
    id: bac049718c62
    last_write_checksum: sha1:cdda05a577a77edf741e98b584176605bfb7aa73
    pristine_git_object: 4bf583055ec03d6c548838fd610b834a634c9840
  src/ttd_data/models/advertiserdsrrequest.py:
    id: 547e907d3b1a
    last_write_checksum: sha1:da5be9dd23488468f5725986c815ceea307b64d0
    pristine_git_object: 20e357964d5a8ff73af0ad7a066efcdf10c0812a
  src/ttd_data/models/advertiserdsrresponse.py:
    id: 6558e631036b
    last_write_checksum: sha1:0707e4370537cbdcc27f093d779aed3c4601c067
    pristine_git_object: 0936113f8c13ae38f726ff9c0476d2b40dafdf8a
  src/ttd_data/models/dataorigin.py:
    id: 01488b30ef74
    last_write_checksum: sha1:3335c975492f6d6bd9c62b916be2f567cdfcd545
    pristine_git_object: a0416b4168ed2798fb296f7468cff91e8fcfa15b
  src/ttd_data/models/dataorigintype.py:
    id: c61445332fd2
    last_write_checksum: sha1:dfc7580c28340e467404a0f2ce103483338d074a
    pristine_git_object: ccdd8f0ba82a4aea0bf0011f56a64a6b909ee5c2
  src/ttd_data/models/datasubjectrequestadvertiserdataop.py:
    id: 32f041f202c4
    last_write_checksum: sha1:10c447b0a251810a0b5c8478ed952b7147e59cdf
    pristine_git_object: 040070f8bd146d925ae81f0725545155443c8c91
  src/ttd_data/models/datasubjectrequestmerchantdataop.py:
    id: 2eaf568ecc7c
    last_write_checksum: sha1:6e04088c800bb60dd7ee2ede48a5d03c3529839b
    pristine_git_object: 95f438961e148d8f37c251da2197ca26614f3390
  src/ttd_data/models/datasubjectrequestthirdpartydataop.py:
    id: 961430b7540f
    last_write_checksum: sha1:1b75036525cec86c1b4035b97149f0db4fb3e7c8
    pristine_git_object: e81b19c23725b9aad154f32705eac2b525283db7
  src/ttd_data/models/dsrerrorcode.py:
    id: 3d91ba4e034b
    last_write_checksum: sha1:b1f9ef50441621cb3c80bb52de16ed854a6835fd
    pristine_git_object: a511993e29d9baf00854611df7c34bd34a42fdda
  src/ttd_data/models/httpmetadata.py:
    id: 2b8260801700
    last_write_checksum: sha1:75dd9dfb6895082b8d81332c7f94f2ec09bb08ac
    pristine_git_object: 3bc847d3447ce9128e2e80e42b6d125234910905
  src/ttd_data/models/ingestadvertiserdataop.py:
    id: 536d8288fda4
    last_write_checksum: sha1:99a9c51d5d525c9dd452b9307ddbd5627cffdc3d
    pristine_git_object: 897bc9b7ecee3b4331d7ebf393a6aa4a7b20ddf7
  src/ttd_data/models/ingestofflineconversiondataop.py:
    id: 3dff4f5ef0ef
    last_write_checksum: sha1:12c7e44fb11e852ad2c81343adaf16899194b600
    pristine_git_object: 54a30f23ef278aac6de43c6cd5ea7627196bcb08
  src/ttd_data/models/ingestthirdpartydataop.py:
    id: 7b9550f1c695
    last_write_checksum: sha1:9e37ce20a267e7129aaf98264272dc90159c2ca2
    pristine_git_object: 21fe756375712c2262fe18ecbd341a25363d48cd
  src/ttd_data/models/merchantdsrfailedline.py:
    id: 5100bc2ef724
    last_write_checksum: sha1:c6a45f621aee3fadb3a888b7f6c8f00a88d51a50
    pristine_git_object: 1dd65f1232c270ec5ca202c377f0d27bb2f4dc23
  src/ttd_data/models/merchantdsrrequest.py:
    id: 4f8f69a30b61
    last_write_checksum: sha1:ec1d9374f7f393b1b6064beb6fbbf38d5631af34
    pristine_git_object: 1cc820f748c9a0fa6af381b5b21398d71dbeb8c9
  src/ttd_data/models/merchantdsrresponse.py:
    id: de0ff347dca5
    last_write_checksum: sha1:2dfb1b3d6817cc63846742d04d1bd4593a9c0186
    pristine_git_object: 476acfbbcfec526b4956150693a5a258f5b5c48c
  src/ttd_data/models/offlineconversiondataitem.py:
    id: fde98c9e187a
    last_write_checksum: sha1:b56fc2c9794fb64bea60550645c58e30ef242e74
    pristine_git_object: 9176ed4df85539de44977aa683a21457728460f6
  src/ttd_data/models/offlineconversiondatarequest.py:
    id: 7d81245ab1fc
    last_write_checksum: sha1:e70a196e61c175965710c370a2df04f1dbb5ea09
    pristine_git_object: 091dc57d25b02d59e061b94331ae0c790165283b
  src/ttd_data/models/offlineconversiondataresponseerrorcode.py:
    id: e10b97e7f07c
    last_write_checksum: sha1:94411b252e4f588a3f276ec3d0eed05b153642e4
    pristine_git_object: 8e816bcc1f6cb9deb2912055367c875612ab4203
  src/ttd_data/models/offlineconversiondataserverresponse.py:
    id: b4031c03cad3
    last_write_checksum: sha1:b7065fee1a42a477b8f11c0a826266dfbe6eb70e
    pristine_git_object: 1482f6ca3ba63d714a24b8451ff8cc3f60fa570e
  src/ttd_data/models/offlineconversiondataserverresponseline.py:
    id: 3f36747f69ac
    last_write_checksum: sha1:6c9aae2ba9054f5f260d944b1274735f57c5fa5b
    pristine_git_object: b01fd9acbb330dc8fe06bd5000fb6b92943fb0c0
  src/ttd_data/models/partnerdsrdataitem.py:
    id: 0a90d692f602
    last_write_checksum: sha1:5b074c646a618793566f9e2babdd663987bb3f11
    pristine_git_object: 7206e4624bf2632d45c323be1b5a23247b933f3f
  src/ttd_data/models/partnerdsrrequesttype.py:
    id: cac9dd97133a
    last_write_checksum: sha1:d02cf0f9f33e31f11cb2a06df70605451470a340
    pristine_git_object: 5825ec6964e2dacca8f318c3bdcc2cc63922a219
  src/ttd_data/models/realtimeconversioneventlineitem.py:
    id: ec4913c7f806
    last_write_checksum: sha1:6cc64abc77d56f4a298fdba522211c8100af59e4
    pristine_git_object: 881a84fe1951201af4f7e36528a4fb9b04380e29
  src/ttd_data/models/realtimeconversioneventsprivacysetting.py:
    id: 5c7bd069a3c4
    last_write_checksum: sha1:a2f1e81c8c0468d56366df2085ba0846e9283e8a
    pristine_git_object: edcc65f92584cdc1edac4595c042a62a17da32c2
  src/ttd_data/models/thirdpartydata.py:
    id: 747d671a1fd0
    last_write_checksum: sha1:2b1d3bda8a9adaa3e27e411e964d2007f90ddb72
    pristine_git_object: 1e82737f2a12254503773d71fe46041a50829902
  src/ttd_data/models/thirdpartydataitem.py:
    id: de4678c2732f
    last_write_checksum: sha1:f5509c383f9569568bf3e1b10c641febcdd27647
    pristine_git_object: f5e2341fb34dafb0bc5793608a9bfb34139e3843
  src/ttd_data/models/thirdpartydatarequest.py:
    id: 51f4e7be4154
    last_write_checksum: sha1:f501183b1c567aafa2835cb69bec0bebf3d0186f
    pristine_git_object: 51e0f7f694b9e431f4d06ad31b4f0b3a134cec7e
  src/ttd_data/models/thirdpartydataresponseerrorcode.py:
    id: c79166cc6728
    last_write_checksum: sha1:ae6fdc7fecbccaafe6ff0f74b554a754cce4d0f5
    pristine_git_object: f9ff1a99bfadbd62a33375ed09d2e310bc8e4893
  src/ttd_data/models/thirdpartydataserverresponse.py:
    id: 031ace715edf
    last_write_checksum: sha1:e45519743b4a97ce7c357cbb19a65b69ab2cce3a
    pristine_git_object: f08b9fac6ae593c3e9887138a948f71d9bcd1b69
  src/ttd_data/models/thirdpartydataserverresponseline.py:
    id: 4a5fa4dcfd73
    last_write_checksum: sha1:ec9099ede8d1b697b7deab4d2050f6e803027418
    pristine_git_object: 2663aea5a968b9ea9daf7c753364e0e5879a220d
  src/ttd_data/models/thirdpartydsrfailedline.py:
    id: 349404a49bbf
    last_write_checksum: sha1:25ce459daad14a6f1d2ecc48c9443df55c0fe58d
    pristine_git_object: d3a615a172d966f3c64b1e6b5c608315960ae356
  src/ttd_data/models/thirdpartydsrrequest.py:
    id: 586497a7c7ed
    last_write_checksum: sha1:7524edb0dfff006091c4d5993d51d38bccfc4307
    pristine_git_object: 9f0187f77a50c7a9816884bfa65e7caac934261e
  src/ttd_data/models/thirdpartydsrresponse.py:
    id: 7d22e340fa71
    last_write_checksum: sha1:3b764c6fb2346a9aa8f470d36d8fce2ac1b8f146
    pristine_git_object: 7522fc385833fc17b9763ce8a9f5cca420be1ab1
  src/ttd_data/offlineconversion.py:
    id: 9cbf832f0f9b
    last_write_checksum: sha1:2f3e97f1d558c43d893e2a9c9f789aa7d50dee24
    pristine_git_object: 5d482190fa249b8eed133aecc6c020023c0c8c15
  src/ttd_data/py.typed:
    id: 6369ae030577
    last_write_checksum: sha1:8efc425ffe830805ffcc0f3055871bdcdc542c60
    pristine_git_object: 3e38f1a929f7d6b1d6de74604aa87e3d8f010544
  src/ttd_data/sdk.py:
    id: 1472df75b98c
    last_write_checksum: sha1:7cd0bbdc4f900cafd92c586eba4993a9e4ab4cb7
    pristine_git_object: ef876ef0c3dedce71077660f368c5ae17d405b26
  src/ttd_data/sdkconfiguration.py:
    id: 6c07cde690cd
    last_write_checksum: sha1:26e46bae867f574d959614353000d3a9ab0df8e0
    pristine_git_object: 55179c09edd09c46689a1b3d4533c1d3c963a9e8
  src/ttd_data/thirdparty.py:
    id: ad2d973ed3be
    last_write_checksum: sha1:fd9036690ed3a5523f9a4ef8ea8e05d6a466abc1
    pristine_git_object: 2e5cb6e9fed588fcaaea9252e3336ccd6d58fd93
  src/ttd_data/types/__init__.py:
    id: 219a89572292
    last_write_checksum: sha1:140ebdd01a46f92ffc710c52c958c4eba3cf68ed
    pristine_git_object: fc76fe0c5505e29859b5d2bb707d48fd27661b8c
  src/ttd_data/types/basemodel.py:
    id: 00b5490305bc
    last_write_checksum: sha1:10d84aedeb9d35edfdadf2c3020caa1d24d8b584
    pristine_git_object: a9a640a1a7048736383f96c67c6290c86bf536ee
  src/ttd_data/utils/__init__.py:
    id: 6b87bf7e78f2
    last_write_checksum: sha1:1970816f2234ecb8785798240b0edced961de971
    pristine_git_object: 0498cb8dabf249b39609f81fb10cddc30f1b78b5
  src/ttd_data/utils/annotations.py:
    id: d1b7b6530770
    last_write_checksum: sha1:a4824ad65f730303e4e1e3ec1febf87b4eb46dbc
    pristine_git_object: 12e0aa4f1151bb52474cc02e88397329b90703f6
  src/ttd_data/utils/datetimes.py:
    id: 2d794a4852dd
    last_write_checksum: sha1:c721e4123000e7dc61ec52b28a739439d9e17341
    pristine_git_object: a6c52cd61bbe2d459046c940ce5e8c469f2f0664
  src/ttd_data/utils/dynamic_imports.py:
    id: b07f05d40ca2
    last_write_checksum: sha1:a1940c63feb8eddfd8026de53384baf5056d5dcc
    pristine_git_object: 673edf82a97d0fea7295625d3e092ea369a36b79
  src/ttd_data/utils/enums.py:
    id: 04558d0f1a2b
    last_write_checksum: sha1:bc8c3c1285ae09ba8a094ee5c3d9c7f41fa1284d
    pristine_git_object: 3324e1bc2668c54c4d5f5a1a845675319757a828
  src/ttd_data/utils/eventstreaming.py:
    id: 88cef70df5ca
    last_write_checksum: sha1:620d78a8b4e3b854e08d136e02e40a01a786bd70
    pristine_git_object: 3bdcd6d3d4fc772cb7f5fca8685dcdc8c85e13e8
  src/ttd_data/utils/forms.py:
    id: 3b8d93e597bb
    last_write_checksum: sha1:0ca31459b99f761fcc6d0557a0a38daac4ad50f4
    pristine_git_object: 1e550bd5c2c35d977ddc10f49d77c23cb12c158d
  src/ttd_data/utils/headers.py:
    id: 4681366f5995
    last_write_checksum: sha1:7c6df233ee006332b566a8afa9ce9a245941d935
    pristine_git_object: 37864cbbbc40d1a47112bbfdd3ba79568fc8818a
  src/ttd_data/utils/logger.py:
    id: 4590b38a2392
    last_write_checksum: sha1:bc563e73eb73d03eb65dc1fd9def84717e30a8d1
    pristine_git_object: 9664bc076cfd67c82f6b5169787458c5e462d57d
  src/ttd_data/utils/metadata.py:
    id: 4fc5598faf89
    last_write_checksum: sha1:e703e5cbb5255144aacf86898d1420529afaaff8
    pristine_git_object: 5abddd588837ac297050ca3b543627faadb350a9
  src/ttd_data/utils/queryparams.py:
    id: 8325e172a666
    last_write_checksum: sha1:b94c3f314fd3da0d1d215afc2731f48748e2aa59
    pristine_git_object: c04e0db82b68eca041f2cb2614d748fbac80fd41
  src/ttd_data/utils/requestbodies.py:
    id: 0924f0dfaef1
    last_write_checksum: sha1:41e2d2d2d3ecc394c8122ca4d4b85e1c3e03f054
    pristine_git_object: 1de32b6d26f46590232f398fdba6ce0072f1659c
  src/ttd_data/utils/retries.py:
    id: 04accebbe68a
    last_write_checksum: sha1:471372f5c5d1dd5583239c9cf3c75f1b636e5d87
    pristine_git_object: af07d4e941007af4213c5ec9047ef8a2fca04e5e
  src/ttd_data/utils/security.py:
    id: e38af000ccc5
    last_write_checksum: sha1:c11eef495b6aaa249178c24c796940cc540b7a00
    pristine_git_object: 42d8d78e9981eed7507670014d99588e27ab325a
  src/ttd_data/utils/serializers.py:
    id: 625de2eedcad
    last_write_checksum: sha1:61009f2e4ef6613a1a5af813fe020373dae5a492
    pristine_git_object: d2149f8b909cb96628db140ac3cddb1b1e981367
  src/ttd_data/utils/unmarshal_json_response.py:
    id: 2f612fb73d96
    last_write_checksum: sha1:599d9379b87a48c14dc7d672a2d0261dee5b7204
    pristine_git_object: 8b476a9566b3ccbdc33c286aa7fdeac8074c46d5
  src/ttd_data/utils/url.py:
    id: 31e17c41ed73
    last_write_checksum: sha1:6479961baa90432ca25626f8e40a7bbc32e73b41
    pristine_git_object: c78ccbae426ce6d385709d97ce0b1c2813ea2418
  src/ttd_data/utils/values.py:
    id: 45979a7770a1
    last_write_checksum: sha1:acaa178a7c41ddd000f58cc691e4632d925b2553
    pristine_git_object: dae01a44384ac3bc13ae07453a053bf6c898ebe3
examples:
  IngestAdvertiserData:
    speakeasy-default-ingest-advertiser-data:
      parameters:
        header:
          TTD-Auth: "<value>"
      requestBody:
        application/json: {"AdvertiserId": "<id>"}
      responses:
        "200":
          application/json: {}
        "400":
          application/json: {}
  IngestThirdPartyData:
    speakeasy-default-ingest-third-party-data:
      parameters:
        header:
          TTD-Auth: "<value>"
      requestBody:
        application/json: {"DataProviderId": "<id>", "IsUserIdAlreadyHashed": false}
      responses:
        "200":
          application/json: {}
        "400":
          application/json: {}
  IngestOfflineConversionData:
    speakeasy-default-ingest-offline-conversion-data:
      parameters:
        header:
          TTD-Auth: "<value>"
      requestBody:
        application/json: {"DataProviderId": "<id>"}
      responses:
        "200":
          application/json: {}
        "400":
          application/json: {}
  DataSubjectRequestAdvertiserData:
    speakeasy-default-data-subject-request-advertiser-data:
      parameters:
        header:
          TTD-Auth: "<value>"
      requestBody:
        application/json: {}
      responses:
        "200":
          application/json: {}
        "400":
          application/json: {}
  DataSubjectRequestMerchantData:
    speakeasy-default-data-subject-request-merchant-data:
      parameters:
        header:
          TTD-Auth: "<value>"
      requestBody:
        application/json: {}
      responses:
        "200":
          application/json: {}
        "400":
          application/json: {}
  DataSubjectRequestThirdPartyData:
    speakeasy-default-data-subject-request-third-party-data:
      parameters:
        header:
          TTD-Auth: "<value>"
      requestBody:
        application/json: {}
      responses:
        "200":
          application/json: {}
        "400":
          application/json: {}
examplesVersion: 1.0.2
generatedTests: {}
releaseNotes: "## Python SDK Changes:\n* `data_client.advertiser.ingest_advertiser_data()`: \n  *  `response.failed_lines[].item_number` **Added**\n  *  `error.failed_lines[].item_number` **Added**\n* `data_client.third_party.ingest_third_party_data()`: \n  *  `response.failed_lines[].item_number` **Added**\n  *  `error.failed_lines[].item_number` **Added**\n* `data_client.deletion_opt_out.data_subject_request_advertiser_data()`: \n  *  `response.failed_lines[].item_number` **Added**\n  *  `error.failed_lines[].item_number` **Added**\n* `data_client.deletion_opt_out.data_subject_request_merchant_data()`: \n  *  `response.failed_lines[].item_number` **Added**\n  *  `error.failed_lines[].item_number` **Added**\n* `data_client.deletion_opt_out.data_subject_request_third_party_data()`: \n  *  `response.failed_lines[].item_number` **Added**\n  *  `error.failed_lines[].item_number` **Added**\n"
