speakeasyVersion: 1.757.1
sources:
    Data API:
        sourceNamespace: data-api
        sourceRevisionDigest: sha256:71a3031f2ccfef7e6d3df71209d57a3fc0c6f908c95f1ff1c4fa0d667ffa12ad
        sourceBlobDigest: sha256:ade0929a65e3e0e68f0d28323623fbecf97f6542fd9979b1ded2e85456882121
        tags:
            - latest
            - v0.1
targets:
    data-api:
        source: Data API
        sourceNamespace: data-api
        sourceRevisionDigest: sha256:71a3031f2ccfef7e6d3df71209d57a3fc0c6f908c95f1ff1c4fa0d667ffa12ad
        sourceBlobDigest: sha256:ade0929a65e3e0e68f0d28323623fbecf97f6542fd9979b1ded2e85456882121
        codeSamplesNamespace: data-api-python-code-samples
        codeSamplesRevisionDigest: sha256:7077c4c3d9e82a8b9dc79b7658d18c5d8802ed6b950c798ec08ebc7f01cc5b16
workflow:
    workflowVersion: 1.0.0
    speakeasyVersion: latest
    sources:
        Data API:
            inputs:
                - location: https://usw-data.adsrvr.org/swagger/v1/swagger.json
            overlays:
                - location: .speakeasy/overlay.yaml
            output: .speakeasy/out.openapi.yaml
            registry:
                location: registry.speakeasyapi.dev/thetradedesk/data-api/data-api
    targets:
        data-api:
            target: python
            source: Data API
            publish:
                pypi:
                    token: $pypi_token
            codeSamples:
                registry:
                    location: registry.speakeasyapi.dev/thetradedesk/data-api/data-api-python-code-samples
                labelOverride:
                    fixedValue: Python (SDK)
                blocking: false
