speakeasyVersion: 1.758.0
sources:
    Data API:
        sourceNamespace: data-api
        sourceRevisionDigest: sha256:805d2cf7ee7dc154259418b5b9043635cafd034e4b4864cd81ed293a923de585
        sourceBlobDigest: sha256:86fe2e24c60fa9c34453b182217f3a60b7e0889fc28cbf7fae8eb8e7bef6bdbf
        tags:
            - latest
            - v0.1
targets:
    data-api:
        source: Data API
        sourceNamespace: data-api
        sourceRevisionDigest: sha256:805d2cf7ee7dc154259418b5b9043635cafd034e4b4864cd81ed293a923de585
        sourceBlobDigest: sha256:86fe2e24c60fa9c34453b182217f3a60b7e0889fc28cbf7fae8eb8e7bef6bdbf
        codeSamplesNamespace: data-api-python-code-samples
        codeSamplesRevisionDigest: sha256:44fe68c3294d1f45776f998f2081f6d0da511ed510c69d2aa179feb010d54caf
workflow:
    workflowVersion: 1.0.0
    speakeasyVersion: latest
    sources:
        Data API:
            inputs:
                - location: https://usw-data.adsrvr.org/swagger/v1/swagger.json
            overlays:
                - location: .speakeasy/overlay.yaml
            output: .speakeasy/out.openapi.yaml
            registry:
                location: registry.speakeasyapi.dev/thetradedesk/data-api/data-api
    targets:
        data-api:
            target: python
            source: Data API
            publish:
                pypi:
                    token: $pypi_token
            codeSamples:
                registry:
                    location: registry.speakeasyapi.dev/thetradedesk/data-api/data-api-python-code-samples
                labelOverride:
                    fixedValue: Python (SDK)
                blocking: false
